
Microsoft Visual Studio Solution File, Format Version 12.00
# Visual Studio Version 17
VisualStudioVersion = 17.9.34728.123
MinimumVisualStudioVersion = 10.0.40219.1
Project("{9A19103F-16F7-4668-BE54-9A1E7A4F7556}") = "WorldForge", "WorldForge\WorldForge.csproj", "{10615802-892F-4571-9C93-E9EFFE735F67}"
EndProject
Project("{9A19103F-16F7-4668-BE54-9A1E7A4F7556}") = "MCUtilsApp", "..\MCUtilsApp\MCUtilsApp.csproj", "{1C85AE00-BED2-4E50-AFEF-ED487CDF050A}"
	ProjectSection(ProjectDependencies) = postProject
		{10615802-892F-4571-9C93-E9EFFE735F67} = {10615802-892F-4571-9C93-E9EFFE735F67}
	EndProjectSection
EndProject
Project("{9A19103F-16F7-4668-BE54-9A1E7A4F7556}") = "WorldForgeOreAnalyzer", "..\MCUtilsOreAnalyzer\WorldForgeOreAnalyzer.csproj", "{587A1F9D-A2E9-4D04-8F12-60182AE89A1F}"
EndProject
Project("{9A19103F-16F7-4668-BE54-9A1E7A4F7556}") = "GregtechOreLocator", "..\GregtechOreLocator\GregtechOreLocator.csproj", "{1616E17E-44BE-447F-AE3D-53B6FB5F2443}"
EndProject
Project("{9A19103F-16F7-4668-BE54-9A1E7A4F7556}") = "WorldForgeTests", "WorldForgeTests\WorldForgeTests.csproj", "{1EB6F0C8-90D7-4451-8388-429194C5DCD2}"
EndProject
Global
	GlobalSection(SolutionConfigurationPlatforms) = preSolution
		Debug|Any CPU = Debug|Any CPU
		Release|Any CPU = Release|Any CPU
	EndGlobalSection
	GlobalSection(ProjectConfigurationPlatforms) = postSolution
		{10615802-892F-4571-9C93-E9EFFE735F67}.Debug|Any CPU.ActiveCfg = Debug|Any CPU
		{10615802-892F-4571-9C93-E9EFFE735F67}.Debug|Any CPU.Build.0 = Debug|Any CPU
		{10615802-892F-4571-9C93-E9EFFE735F67}.Release|Any CPU.ActiveCfg = Release|Any CPU
		{10615802-892F-4571-9C93-E9EFFE735F67}.Release|Any CPU.Build.0 = Release|Any CPU
		{1C85AE00-BED2-4E50-AFEF-ED487CDF050A}.Debug|Any CPU.ActiveCfg = Debug|Any CPU
		{1C85AE00-BED2-4E50-AFEF-ED487CDF050A}.Debug|Any CPU.Build.0 = Debug|Any CPU
		{1C85AE00-BED2-4E50-AFEF-ED487CDF050A}.Release|Any CPU.ActiveCfg = Release|Any CPU
		{1C85AE00-BED2-4E50-AFEF-ED487CDF050A}.Release|Any CPU.Build.0 = Release|Any CPU
		{587A1F9D-A2E9-4D04-8F12-60182AE89A1F}.Debug|Any CPU.ActiveCfg = Debug|Any CPU
		{587A1F9D-A2E9-4D04-8F12-60182AE89A1F}.Debug|Any CPU.Build.0 = Debug|Any CPU
		{587A1F9D-A2E9-4D04-8F12-60182AE89A1F}.Release|Any CPU.ActiveCfg = Release|Any CPU
		{587A1F9D-A2E9-4D04-8F12-60182AE89A1F}.Release|Any CPU.Build.0 = Release|Any CPU
		{1616E17E-44BE-447F-AE3D-53B6FB5F2443}.Debug|Any CPU.ActiveCfg = Debug|Any CPU
		{1616E17E-44BE-447F-AE3D-53B6FB5F2443}.Debug|Any CPU.Build.0 = Debug|Any CPU
		{1616E17E-44BE-447F-AE3D-53B6FB5F2443}.Release|Any CPU.ActiveCfg = Release|Any CPU
		{1616E17E-44BE-447F-AE3D-53B6FB5F2443}.Release|Any CPU.Build.0 = Release|Any CPU
		{1EB6F0C8-90D7-4451-8388-429194C5DCD2}.Debug|Any CPU.ActiveCfg = Debug|Any CPU
		{1EB6F0C8-90D7-4451-8388-429194C5DCD2}.Debug|Any CPU.Build.0 = Debug|Any CPU
		{1EB6F0C8-90D7-4451-8388-429194C5DCD2}.Release|Any CPU.ActiveCfg = Release|Any CPU
		{1EB6F0C8-90D7-4451-8388-429194C5DCD2}.Release|Any CPU.Build.0 = Release|Any CPU
	EndGlobalSection
	GlobalSection(SolutionProperties) = preSolution
		HideSolutionNode = FALSE
	EndGlobalSection
	GlobalSection(ExtensibilityGlobals) = postSolution
		SolutionGuid = {2991F0A6-9D81-42B7-9E03-D57E58575C84}
	EndGlobalSection
EndGlobal
